
Microsoft Visual Studio Solution File, Format Version 12.00
# Visual Studio Version 17
VisualStudioVersion = 17.3.32811.315
MinimumVisualStudioVersion = 10.0.40219.1
Project("{9A19103F-16F7-4668-BE54-9A1E7A4F7556}") = "MagicVila_VilaAPI", "MagicVila_VilaAPI\MagicVila_VilaAPI.csproj", "{345C57B4-7696-4780-80AA-FB6D9084A2EF}"
EndProject
Project("{9A19103F-16F7-4668-BE54-9A1E7A4F7556}") = "MagicVila_Web", "MagicVila_Web\MagicVila_Web.csproj", "{26132472-A6E7-47AA-8C34-F516C9C8D4B3}"
EndProject
Project("{E53339B2-1760-4266-BCC7-CA923CBCF16C}") = "docker-compose", "docker-compose.dcproj", "{2A82CF03-D73A-4A02-9FB2-8E4E64E7D299}"
EndProject
Project("{FAE04EC0-301F-11D3-BF4B-00C04F79EFBC}") = "MagicVila_Utility", "..\MagicVila_Utility\MagicVila_Utility.csproj", "{765FFAE6-C4C4-4FBB-B560-5E65F5E02557}"
EndProject
Global
	GlobalSection(SolutionConfigurationPlatforms) = preSolution
		Debug|Any CPU = Debug|Any CPU
		Release|Any CPU = Release|Any CPU
	EndGlobalSection
	GlobalSection(ProjectConfigurationPlatforms) = postSolution
		{345C57B4-7696-4780-80AA-FB6D9084A2EF}.Debug|Any CPU.ActiveCfg = Debug|Any CPU
		{345C57B4-7696-4780-80AA-FB6D9084A2EF}.Debug|Any CPU.Build.0 = Debug|Any CPU
		{345C57B4-7696-4780-80AA-FB6D9084A2EF}.Release|Any CPU.ActiveCfg = Release|Any CPU
		{345C57B4-7696-4780-80AA-FB6D9084A2EF}.Release|Any CPU.Build.0 = Release|Any CPU
		{26132472-A6E7-47AA-8C34-F516C9C8D4B3}.Debug|Any CPU.ActiveCfg = Debug|Any CPU
		{26132472-A6E7-47AA-8C34-F516C9C8D4B3}.Debug|Any CPU.Build.0 = Debug|Any CPU
		{26132472-A6E7-47AA-8C34-F516C9C8D4B3}.Release|Any CPU.ActiveCfg = Release|Any CPU
		{26132472-A6E7-47AA-8C34-F516C9C8D4B3}.Release|Any CPU.Build.0 = Release|Any CPU
		{2A82CF03-D73A-4A02-9FB2-8E4E64E7D299}.Debug|Any CPU.ActiveCfg = Debug|Any CPU
		{2A82CF03-D73A-4A02-9FB2-8E4E64E7D299}.Debug|Any CPU.Build.0 = Debug|Any CPU
		{2A82CF03-D73A-4A02-9FB2-8E4E64E7D299}.Release|Any CPU.ActiveCfg = Release|Any CPU
		{2A82CF03-D73A-4A02-9FB2-8E4E64E7D299}.Release|Any CPU.Build.0 = Release|Any CPU
		{765FFAE6-C4C4-4FBB-B560-5E65F5E02557}.Debug|Any CPU.ActiveCfg = Debug|Any CPU
		{765FFAE6-C4C4-4FBB-B560-5E65F5E02557}.Debug|Any CPU.Build.0 = Debug|Any CPU
		{765FFAE6-C4C4-4FBB-B560-5E65F5E02557}.Release|Any CPU.ActiveCfg = Release|Any CPU
		{765FFAE6-C4C4-4FBB-B560-5E65F5E02557}.Release|Any CPU.Build.0 = Release|Any CPU
	EndGlobalSection
	GlobalSection(SolutionProperties) = preSolution
		HideSolutionNode = FALSE
	EndGlobalSection
	GlobalSection(ExtensibilityGlobals) = postSolution
		SolutionGuid = {099A0F9E-CFBA-4D7C-877D-AD90C6A5D0E0}
	EndGlobalSection
EndGlobal
